// !$*UTF8*$!
{
	archiveVersion = 1;
	classes = {
	};
	objectVersion = 46;
	objects = {

/* Begin PBXBuildFile section */
		ED9000E11CD00302004E0B7E /* AppDelegate.swift in Sources */ = {isa = PBXBuildFile; fileRef = ED9000E01CD00302004E0B7E /* AppDelegate.swift */; };
		ED9000E31CD00302004E0B7E /* ViewController.swift in Sources */ = {isa = PBXBuildFile; fileRef = ED9000E21CD00302004E0B7E /* ViewController.swift */; };
		ED9000E61CD00302004E0B7E /* Main.storyboard in Resources */ = {isa = PBXBuildFile; fileRef = ED9000E41CD00302004E0B7E /* Main.storyboard */; };
		ED9000E81CD00302004E0B7E /* Assets.xcassets in Resources */ = {isa = PBXBuildFile; fileRef = ED9000E71CD00302004E0B7E /* Assets.xcassets */; };
		ED9000EB1CD00302004E0B7E /* LaunchScreen.storyboard in Resources */ = {isa = PBXBuildFile; fileRef = ED9000E91CD00302004E0B7E /* LaunchScreen.storyboard */; };
		ED9000F61CD00303004E0B7E /* Guess_My_NumberTests.swift in Sources */ = {isa = PBXBuildFile; fileRef = ED9000F51CD00303004E0B7E /* Guess_My_NumberTests.swift */; };
		ED9001011CD00303004E0B7E /* Guess_My_NumberUITests.swift in Sources */ = {isa = PBXBuildFile; fileRef = ED9001001CD00303004E0B7E /* Guess_My_NumberUITests.swift */; };
/* End PBXBuildFile section */

/* Begin PBXContainerItemProxy section */
		ED9000F21CD00303004E0B7E /* PBXContainerItemProxy */ = {
			isa = PBXContainerItemProxy;
			containerPortal = ED9000D51CD00302004E0B7E /* Project object */;
			proxyType = 1;
			remoteGlobalIDString = ED9000DC1CD00302004E0B7E;
			remoteInfo = "Guess My Number";
		};
		ED9000FD1CD00303004E0B7E /* PBXContainerItemProxy */ = {
			isa = PBXContainerItemProxy;
			containerPortal = ED9000D51CD00302004E0B7E /* Project object */;
			proxyType = 1;
			remoteGlobalIDString = ED9000DC1CD00302004E0B7E;
			remoteInfo = "Guess My Number";
		};
/* End PBXContainerItemProxy section */

/* Begin PBXFileReference section */
		ED9000DD1CD00302004E0B7E /* Guess My Number.app */ = {isa = PBXFileReference; explicitFileType = wrapper.application; includeInIndex = 0; path = "Guess My Number.app"; sourceTree = BUILT_PRODUCTS_DIR; };
		ED9000E01CD00302004E0B7E /* AppDelegate.swift */ = {isa = PBXFileReference; lastKnownFileType = sourcecode.swift; path = AppDelegate.swift; sourceTree = "<group>"; };
		ED9000E21CD00302004E0B7E /* ViewController.swift */ = {isa = PBXFileReference; lastKnownFileType = sourcecode.swift; path = ViewController.swift; sourceTree = "<group>"; };
		ED9000E51CD00302004E0B7E /* Base */ = {isa = PBXFileReference; lastKnownFileType = file.storyboard; name = Base; path = Base.lproj/Main.storyboard; sourceTree = "<group>"; };
		ED9000E71CD00302004E0B7E /* Assets.xcassets */ = {isa = PBXFileReference; lastKnownFileType = folder.assetcatalog; path = Assets.xcassets; sourceTree = "<group>"; };
		ED9000EA1CD00302004E0B7E /* Base */ = {isa = PBXFileReference; lastKnownFileType = file.storyboard; name = Base; path = Base.lproj/LaunchScreen.storyboard; sourceTree = "<group>"; };
		ED9000EC1CD00302004E0B7E /* Info.plist */ = {isa = PBXFileReference; lastKnownFileType = text.plist.xml; path = Info.plist; sourceTree = "<group>"; };
		ED9000F11CD00303004E0B7E /* Guess My NumberTests.xctest */ = {isa = PBXFileReference; explicitFileType = wrapper.cfbundle; includeInIndex = 0; path = "Guess My NumberTests.xctest"; sourceTree = BUILT_PRODUCTS_DIR; };
		ED9000F51CD00303004E0B7E /* Guess_My_NumberTests.swift */ = {isa = PBXFileReference; lastKnownFileType = sourcecode.swift; path = Guess_My_NumberTests.swift; sourceTree = "<group>"; };
		ED9000F71CD00303004E0B7E /* Info.plist */ = {isa = PBXFileReference; lastKnownFileType = text.plist.xml; path = Info.plist; sourceTree = "<group>"; };
		ED9000FC1CD00303004E0B7E /* Guess My NumberUITests.xctest */ = {isa = PBXFileReference; explicitFileType = wrapper.cfbundle; includeInIndex = 0; path = "Guess My NumberUITests.xctest"; sourceTree = BUILT_PRODUCTS_DIR; };
		ED9001001CD00303004E0B7E /* Guess_My_NumberUITests.swift */ = {isa = PBXFileReference; lastKnownFileType = sourcecode.swift; path = Guess_My_NumberUITests.swift; sourceTree = "<group>"; };
		ED9001021CD00303004E0B7E /* Info.plist */ = {isa = PBXFileReference; lastKnownFileType = text.plist.xml; path = Info.plist; sourceTree = "<group>"; };
/* End PBXFileReference section */

/* Begin PBXFrameworksBuildPhase section */
		ED9000DA1CD00302004E0B7E /* Frameworks */ = {
			isa = PBXFrameworksBuildPhase;
			buildActionMask = 2147483647;
			files = (
			);
			runOnlyForDeploymentPostprocessing = 0;
		};
		ED9000EE1CD00303004E0B7E /* Frameworks */ = {
			isa = PBXFrameworksBuildPhase;
			buildActionMask = 2147483647;
			files = (
			);
			runOnlyForDeploymentPostprocessing = 0;
		};
		ED9000F91CD00303004E0B7E /* Frameworks */ = {
			isa = PBXFrameworksBuildPhase;
			buildActionMask = 2147483647;
			files = (
			);
			runOnlyForDeploymentPostprocessing = 0;
		};
/* End PBXFrameworksBuildPhase section */

/* Begin PBXGroup section */
		ED9000D41CD00302004E0B7E = {
			isa = PBXGroup;
			children = (
				ED9000DF1CD00302004E0B7E /* Guess My Number */,
				ED9000F41CD00303004E0B7E /* Guess My NumberTests */,
				ED9000FF1CD00303004E0B7E /* Guess My NumberUITests */,
				ED9000DE1CD00302004E0B7E /* Products */,
			);
			sourceTree = "<group>";
		};
		ED9000DE1CD00302004E0B7E /* Products */ = {
			isa = PBXGroup;
			children = (
				ED9000DD1CD00302004E0B7E /* Guess My Number.app */,
				ED9000F11CD00303004E0B7E /* Guess My NumberTests.xctest */,
				ED9000FC1CD00303004E0B7E /* Guess My NumberUITests.xctest */,
			);
			name = Products;
			sourceTree = "<group>";
		};
		ED9000DF1CD00302004E0B7E /* Guess My Number */ = {
			isa = PBXGroup;
			children = (
				ED9000E01CD00302004E0B7E /* AppDelegate.swift */,
				ED9000E21CD00302004E0B7E /* ViewController.swift */,
				ED9000E41CD00302004E0B7E /* Main.storyboard */,
				ED9000E71CD00302004E0B7E /* Assets.xcassets */,
				ED9000E91CD00302004E0B7E /* LaunchScreen.storyboard */,
				ED9000EC1CD00302004E0B7E /* Info.plist */,
			);
			path = "Guess My Number";
			sourceTree = "<group>";
		};
		ED9000F41CD00303004E0B7E /* Guess My NumberTests */ = {
			isa = PBXGroup;
			children = (
				ED9000F51CD00303004E0B7E /* Guess_My_NumberTests.swift */,
				ED9000F71CD00303004E0B7E /* Info.plist */,
			);
			path = "Guess My NumberTests";
			sourceTree = "<group>";
		};
		ED9000FF1CD00303004E0B7E /* Guess My NumberUITests */ = {
			isa = PBXGroup;
			children = (
				ED9001001CD00303004E0B7E /* Guess_My_NumberUITests.swift */,
				ED9001021CD00303004E0B7E /* Info.plist */,
			);
			path = "Guess My NumberUITests";
			sourceTree = "<group>";
		};
/* End PBXGroup section */

/* Begin PBXNativeTarget section */
		ED9000DC1CD00302004E0B7E /* Guess My Number */ = {
			isa = PBXNativeTarget;
			buildConfigurationList = ED9001051CD00303004E0B7E /* Build configuration list for PBXNativeTarget "Guess My Number" */;
			buildPhases = (
				ED9000D91CD00302004E0B7E /* Sources */,
				ED9000DA1CD00302004E0B7E /* Frameworks */,
				ED9000DB1CD00302004E0B7E /* Resources */,
			);
			buildRules = (
			);
			dependencies = (
			);
			name = "Guess My Number";
			productName = "Guess My Number";
			productReference = ED9000DD1CD00302004E0B7E /* Guess My Number.app */;
			productType = "com.apple.product-type.application";
		};
		ED9000F01CD00303004E0B7E /* Guess My NumberTests */ = {
			isa = PBXNativeTarget;
			buildConfigurationList = ED9001081CD00303004E0B7E /* Build configuration list for PBXNativeTarget "Guess My NumberTests" */;
			buildPhases = (
				ED9000ED1CD00303004E0B7E /* Sources */,
				ED9000EE1CD00303004E0B7E /* Frameworks */,
				ED9000EF1CD00303004E0B7E /* Resources */,
			);
			buildRules = (
			);
			dependencies = (
				ED9000F31CD00303004E0B7E /* PBXTargetDependency */,
			);
			name = "Guess My NumberTests";
			productName = "Guess My NumberTests";
			productReference = ED9000F11CD00303004E0B7E /* Guess My NumberTests.xctest */;
			productType = "com.apple.product-type.bundle.unit-test";
		};
		ED9000FB1CD00303004E0B7E /* Guess My NumberUITests */ = {
			isa = PBXNativeTarget;
			buildConfigurationList = ED90010B1CD00303004E0B7E /* Build configuration list for PBXNativeTarget "Guess My NumberUITests" */;
			buildPhases = (
				ED9000F81CD00303004E0B7E /* Sources */,
				ED9000F91CD00303004E0B7E /* Frameworks */,
				ED9000FA1CD00303004E0B7E /* Resources */,
			);
			buildRules = (
			);
			dependencies = (
				ED9000FE1CD00303004E0B7E /* PBXTargetDependency */,
			);
			name = "Guess My NumberUITests";
			productName = "Guess My NumberUITests";
			productReference = ED9000FC1CD00303004E0B7E /* Guess My NumberUITests.xctest */;
			productType = "com.apple.product-type.bundle.ui-testing";
		};
/* End PBXNativeTarget section */

/* Begin PBXProject section */
		ED9000D51CD00302004E0B7E /* Project object */ = {
			isa = PBXProject;
			attributes = {
				LastSwiftUpdateCheck = 0730;
				LastUpgradeCheck = 0730;
				ORGANIZATIONNAME = "Shangway Hsu";
				TargetAttributes = {
					ED9000DC1CD00302004E0B7E = {
						CreatedOnToolsVersion = 7.3;
						DevelopmentTeam = V7UM3Y9TCA;
					};
					ED9000F01CD00303004E0B7E = {
						CreatedOnToolsVersion = 7.3;
						DevelopmentTeam = V7UM3Y9TCA;
						TestTargetID = ED9000DC1CD00302004E0B7E;
					};
					ED9000FB1CD00303004E0B7E = {
						CreatedOnToolsVersion = 7.3;
						DevelopmentTeam = V7UM3Y9TCA;
						TestTargetID = ED9000DC1CD00302004E0B7E;
					};
				};
			};
			buildConfigurationList = ED9000D81CD00302004E0B7E /* Build configuration list for PBXProject "Guess My Number" */;
			compatibilityVersion = "Xcode 3.2";
			developmentRegion = English;
			hasScannedForEncodings = 0;
			knownRegions = (
				en,
				Base,
			);
			mainGroup = ED9000D41CD00302004E0B7E;
			productRefGroup = ED9000DE1CD00302004E0B7E /* Products */;
			projectDirPath = "";
			projectRoot = "";
			targets = (
				ED9000DC1CD00302004E0B7E /* Guess My Number */,
				ED9000F01CD00303004E0B7E /* Guess My NumberTests */,
				ED9000FB1CD00303004E0B7E /* Guess My NumberUITests */,
			);
		};
/* End PBXProject section */

/* Begin PBXResourcesBuildPhase section */
		ED9000DB1CD00302004E0B7E /* Resources */ = {
			isa = PBXResourcesBuildPhase;
			buildActionMask = 2147483647;
			files = (
				ED9000EB1CD00302004E0B7E /* LaunchScreen.storyboard in Resources */,
				ED9000E81CD00302004E0B7E /* Assets.xcassets in Resources */,
				ED9000E61CD00302004E0B7E /* Main.storyboard in Resources */,
			);
			runOnlyForDeploymentPostprocessing = 0;
		};
		ED9000EF1CD00303004E0B7E /* Resources */ = {
			isa = PBXResourcesBuildPhase;
			buildActionMask = 2147483647;
			files = (
			);
			runOnlyForDeploymentPostprocessing = 0;
		};
		ED9000FA1CD00303004E0B7E /* Resources */ = {
			isa = PBXResourcesBuildPhase;
			buildActionMask = 2147483647;
			files = (
			);
			runOnlyForDeploymentPostprocessing = 0;
		};
/* End PBXResourcesBuildPhase section */

/* Begin PBXSourcesBuildPhase section */
		ED9000D91CD00302004E0B7E /* Sources */ = {
			isa = PBXSourcesBuildPhase;
			buildActionMask = 2147483647;
			files = (
				ED9000E31CD00302004E0B7E /* ViewController.swift in Sources */,
				ED9000E11CD00302004E0B7E /* AppDelegate.swift in Sources */,
			);
			runOnlyForDeploymentPostprocessing = 0;
		};
		ED9000ED1CD00303004E0B7E /* Sources */ = {
			isa = PBXSourcesBuildPhase;
			buildActionMask = 2147483647;
			files = (
				ED9000F61CD00303004E0B7E /* Guess_My_NumberTests.swift in Sources */,
			);
			runOnlyForDeploymentPostprocessing = 0;
		};
		ED9000F81CD00303004E0B7E /* Sources */ = {
			isa = PBXSourcesBuildPhase;
			buildActionMask = 2147483647;
			files = (
				ED9001011CD00303004E0B7E /* Guess_My_NumberUITests.swift in Sources */,
			);
			runOnlyForDeploymentPostprocessing = 0;
		};
/* End PBXSourcesBuildPhase section */

/* Begin PBXTargetDependency section */
		ED9000F31CD00303004E0B7E /* PBXTargetDependency */ = {
			isa = PBXTargetDependency;
			target = ED9000DC1CD00302004E0B7E /* Guess My Number */;
			targetProxy = ED9000F21CD00303004E0B7E /* PBXContainerItemProxy */;
		};
		ED9000FE1CD00303004E0B7E /* PBXTargetDependency */ = {
			isa = PBXTargetDependency;
			target = ED9000DC1CD00302004E0B7E /* Guess My Number */;
			targetProxy = ED9000FD1CD00303004E0B7E /* PBXContainerItemProxy */;
		};
/* End PBXTargetDependency section */

/* Begin PBXVariantGroup section */
		ED9000E41CD00302004E0B7E /* Main.storyboard */ = {
			isa = PBXVariantGroup;
			children = (
				ED9000E51CD00302004E0B7E /* Base */,
			);
			name = Main.storyboard;
			sourceTree = "<group>";
		};
		ED9000E91CD00302004E0B7E /* LaunchScreen.storyboard */ = {
			isa = PBXVariantGroup;
			children = (
				ED9000EA1CD00302004E0B7E /* Base */,
			);
			name = LaunchScreen.storyboard;
			sourceTree = "<group>";
		};
/* End PBXVariantGroup section */

/* Begin XCBuildConfiguration section */
		ED9001031CD00303004E0B7E /* Debug */ = {
			isa = XCBuildConfiguration;
			buildSettings = {
				ALWAYS_SEARCH_USER_PATHS = NO;
				CLANG_ANALYZER_NONNULL = YES;
				CLANG_CXX_LANGUAGE_STANDARD = "gnu++0x";
				CLANG_CXX_LIBRARY = "libc++";
				CLANG_ENABLE_MODULES = YES;
				CLANG_ENABLE_OBJC_ARC = YES;
				CLANG_WARN_BOOL_CONVERSION = YES;
				CLANG_WARN_CONSTANT_CONVERSION = YES;
				CLANG_WARN_DIRECT_OBJC_ISA_USAGE = YES_ERROR;
				CLANG_WARN_EMPTY_BODY = YES;
				CLANG_WARN_ENUM_CONVERSION = YES;
				CLANG_WARN_INT_CONVERSION = YES;
				CLANG_WARN_OBJC_ROOT_CLASS = YES_ERROR;
				CLANG_WARN_UNREACHABLE_CODE = YES;
				CLANG_WARN__DUPLICATE_METHOD_MATCH = YES;
				"CODE_SIGN_IDENTITY[sdk=iphoneos*]" = "iPhone Developer";
				COPY_PHASE_STRIP = NO;
				DEBUG_INFORMATION_FORMAT = dwarf;
				ENABLE_STRICT_OBJC_MSGSEND = YES;
				ENABLE_TESTABILITY = YES;
				GCC_C_LANGUAGE_STANDARD = gnu99;
				GCC_DYNAMIC_NO_PIC = NO;
				GCC_NO_COMMON_BLOCKS = YES;
				GCC_OPTIMIZATION_LEVEL = 0;
				GCC_PREPROCESSOR_DEFINITIONS = (
					"DEBUG=1",
					"$(inherited)",
				);
				GCC_WARN_64_TO_32_BIT_CONVERSION = YES;
				GCC_WARN_ABOUT_RETURN_TYPE = YES_ERROR;
				GCC_WARN_UNDECLARED_SELECTOR = YES;
				GCC_WARN_UNINITIALIZED_AUTOS = YES_AGGRESSIVE;
				GCC_WARN_UNUSED_FUNCTION = YES;
				GCC_WARN_UNUSED_VARIABLE = YES;
				IPHONEOS_DEPLOYMENT_TARGET = 9.3;
				MTL_ENABLE_DEBUG_INFO = YES;
				ONLY_ACTIVE_ARCH = YES;
				SDKROOT = iphoneos;
				SWIFT_OPTIMIZATION_LEVEL = "-Onone";
			};
			name = Debug;
		};
		ED9001041CD00303004E0B7E /* Release */ = {
			isa = XCBuildConfiguration;
			buildSettings = {
				ALWAYS_SEARCH_USER_PATHS = NO;
				CLANG_ANALYZER_NONNULL = YES;
				CLANG_CXX_LANGUAGE_STANDARD = "gnu++0x";
				CLANG_CXX_LIBRARY = "libc++";
				CLANG_ENABLE_MODULES = YES;
				CLANG_ENABLE_OBJC_ARC = YES;
				CLANG_WARN_BOOL_CONVERSION = YES;
				CLANG_WARN_CONSTANT_CONVERSION = YES;
				CLANG_WARN_DIRECT_OBJC_ISA_USAGE = YES_ERROR;
				CLANG_WARN_EMPTY_BODY = YES;
				CLANG_WARN_ENUM_CONVERSION = YES;
				CLANG_WARN_INT_CONVERSION = YES;
				CLANG_WARN_OBJC_ROOT_CLASS = YES_ERROR;
				CLANG_WARN_UNREACHABLE_CODE = YES;
				CLANG_WARN__DUPLICATE_METHOD_MATCH = YES;
				"CODE_SIGN_IDENTITY[sdk=iphoneos*]" = "iPhone Developer";
				COPY_PHASE_STRIP = NO;
				DEBUG_INFORMATION_FORMAT = "dwarf-with-dsym";
				ENABLE_NS_ASSERTIONS = NO;
				ENABLE_STRICT_OBJC_MSGSEND = YES;
				GCC_C_LANGUAGE_STANDARD = gnu99;
				GCC_NO_COMMON_BLOCKS = YES;
				GCC_WARN_64_TO_32_BIT_CONVERSION = YES;
				GCC_WARN_ABOUT_RETURN_TYPE = YES_ERROR;
				GCC_WARN_UNDECLARED_SELECTOR = YES;
				GCC_WARN_UNINITIALIZED_AUTOS = YES_AGGRESSIVE;
				GCC_WARN_UNUSED_FUNCTION = YES;
				GCC_WARN_UNUSED_VARIABLE = YES;
				IPHONEOS_DEPLOYMENT_TARGET = 9.3;
				MTL_ENABLE_DEBUG_INFO = NO;
				SDKROOT = iphoneos;
				VALIDATE_PRODUCT = YES;
			};
			name = Release;
		};
		ED9001061CD00303004E0B7E /* Debug */ = {
			isa = XCBuildConfiguration;
			buildSettings = {
				ASSETCATALOG_COMPILER_APPICON_NAME = AppIcon;
				INFOPLIST_FILE = "Guess My Number/Info.plist";
				LD_RUNPATH_SEARCH_PATHS = "$(inherited) @executable_path/Frameworks";
				PRODUCT_BUNDLE_IDENTIFIER = "com.Shangway.Guess-My-Number";
				PRODUCT_NAME = "$(TARGET_NAME)";
			};
			name = Debug;
		};
		ED9001071CD00303004E0B7E /* Release */ = {
			isa = XCBuildConfiguration;
			buildSettings = {
				ASSETCATALOG_COMPILER_APPICON_NAME = AppIcon;
				INFOPLIST_FILE = "Guess My Number/Info.plist";
				LD_RUNPATH_SEARCH_PATHS = "$(inherited) @executable_path/Frameworks";
				PRODUCT_BUNDLE_IDENTIFIER = "com.Shangway.Guess-My-Number";
				PRODUCT_NAME = "$(TARGET_NAME)";
			};
			name = Release;
		};
		ED9001091CD00303004E0B7E /* Debug */ = {
			isa = XCBuildConfiguration;
			buildSettings = {
				BUNDLE_LOADER = "$(TEST_HOST)";
				INFOPLIST_FILE = "Guess My NumberTests/Info.plist";
				LD_RUNPATH_SEARCH_PATHS = "$(inherited) @executable_path/Frameworks @loader_path/Frameworks";
				PRODUCT_BUNDLE_IDENTIFIER = "com.Shangway.Guess-My-NumberTests";
				PRODUCT_NAME = "$(TARGET_NAME)";
				TEST_HOST = "$(BUILT_PRODUCTS_DIR)/Guess My Number.app/Guess My Number";
			};
			name = Debug;
		};
		ED90010A1CD00303004E0B7E /* Release */ = {
			isa = XCBuildConfiguration;
			buildSettings = {
				BUNDLE_LOADER = "$(TEST_HOST)";
				INFOPLIST_FILE = "Guess My NumberTests/Info.plist";
				LD_RUNPATH_SEARCH_PATHS = "$(inherited) @executable_path/Frameworks @loader_path/Frameworks";
				PRODUCT_BUNDLE_IDENTIFIER = "com.Shangway.Guess-My-NumberTests";
				PRODUCT_NAME = "$(TARGET_NAME)";
				TEST_HOST = "$(BUILT_PRODUCTS_DIR)/Guess My Number.app/Guess My Number";
			};
			name = Release;
		};
		ED90010C1CD00303004E0B7E /* Debug */ = {
			isa = XCBuildConfiguration;
			buildSettings = {
				INFOPLIST_FILE = "Guess My NumberUITests/Info.plist";
				LD_RUNPATH_SEARCH_PATHS = "$(inherited) @executable_path/Frameworks @loader_path/Frameworks";
				PRODUCT_BUNDLE_IDENTIFIER = "com.Shangway.Guess-My-NumberUITests";
				PRODUCT_NAME = "$(TARGET_NAME)";
				TEST_TARGET_NAME = "Guess My Number";
			};
			name = Debug;
		};
		ED90010D1CD00303004E0B7E /* Release */ = {
			isa = XCBuildConfiguration;
			buildSettings = {
				INFOPLIST_FILE = "Guess My NumberUITests/Info.plist";
				LD_RUNPATH_SEARCH_PATHS = "$(inherited) @executable_path/Frameworks @loader_path/Frameworks";
				PRODUCT_BUNDLE_IDENTIFIER = "com.Shangway.Guess-My-NumberUITests";
				PRODUCT_NAME = "$(TARGET_NAME)";
				TEST_TARGET_NAME = "Guess My Number";
			};
			name = Release;
		};
/* End XCBuildConfiguration section */

/* Begin XCConfigurationList section */
		ED9000D81CD00302004E0B7E /* Build configuration list for PBXProject "Guess My Number" */ = {
			isa = XCConfigurationList;
			buildConfigurations = (
				ED9001031CD00303004E0B7E /* Debug */,
				ED9001041CD00303004E0B7E /* Release */,
			);
			defaultConfigurationIsVisible = 0;
			defaultConfigurationName = Release;
		};
		ED9001051CD00303004E0B7E /* Build configuration list for PBXNativeTarget "Guess My Number" */ = {
			isa = XCConfigurationList;
			buildConfigurations = (
				ED9001061CD00303004E0B7E /* Debug */,
				ED9001071CD00303004E0B7E /* Release */,
			);
			defaultConfigurationIsVisible = 0;
		};
		ED9001081CD00303004E0B7E /* Build configuration list for PBXNativeTarget "Guess My NumberTests" */ = {
			isa = XCConfigurationList;
			buildConfigurations = (
				ED9001091CD00303004E0B7E /* Debug */,
				ED90010A1CD00303004E0B7E /* Release */,
			);
			defaultConfigurationIsVisible = 0;
		};
		ED90010B1CD00303004E0B7E /* Build configuration list for PBXNativeTarget "Guess My NumberUITests" */ = {
			isa = XCConfigurationList;
			buildConfigurations = (
				ED90010C1CD00303004E0B7E /* Debug */,
				ED90010D1CD00303004E0B7E /* Release */,
			);
			defaultConfigurationIsVisible = 0;
		};
/* End XCConfigurationList section */
	};
	rootObject = ED9000D51CD00302004E0B7E /* Project object */;
}
